
Microsoft Visual Studio Solution File, Format Version 12.00
# Visual Studio Version 16
VisualStudioVersion = 16.0.29806.167
MinimumVisualStudioVersion = 10.0.40219.1
Project("{FAE04EC0-301F-11D3-BF4B-00C04F79EFBC}") = "Engine Project", "Engine Project\Engine Project.csproj", "{82841D2C-4792-4A4D-8DE9-5243F9D0BFF3}"
EndProject
Global
	GlobalSection(SolutionConfigurationPlatforms) = preSolution
		Debug|Any CPU = Debug|Any CPU
		Debug|x86 = Debug|x86
		Release|Any CPU = Release|Any CPU
		Release|x86 = Release|x86
	EndGlobalSection
	GlobalSection(ProjectConfigurationPlatforms) = postSolution
		{82841D2C-4792-4A4D-8DE9-5243F9D0BFF3}.Debug|Any CPU.ActiveCfg = Debug|Any CPU
		{82841D2C-4792-4A4D-8DE9-5243F9D0BFF3}.Debug|Any CPU.Build.0 = Debug|Any CPU
		{82841D2C-4792-4A4D-8DE9-5243F9D0BFF3}.Debug|x86.ActiveCfg = Debug|Any CPU
		{82841D2C-4792-4A4D-8DE9-5243F9D0BFF3}.Debug|x86.Build.0 = Debug|Any CPU
		{82841D2C-4792-4A4D-8DE9-5243F9D0BFF3}.Release|Any CPU.ActiveCfg = Release|Any CPU
		{82841D2C-4792-4A4D-8DE9-5243F9D0BFF3}.Release|Any CPU.Build.0 = Release|Any CPU
		{82841D2C-4792-4A4D-8DE9-5243F9D0BFF3}.Release|x86.ActiveCfg = Release|Any CPU
		{82841D2C-4792-4A4D-8DE9-5243F9D0BFF3}.Release|x86.Build.0 = Release|Any CPU
	EndGlobalSection
	GlobalSection(SolutionProperties) = preSolution
		HideSolutionNode = FALSE
	EndGlobalSection
	GlobalSection(ExtensibilityGlobals) = postSolution
		SolutionGuid = {555E67DC-BCF4-4DE0-9497-AB1F4272200D}
	EndGlobalSection
EndGlobal
